// !$*UTF8*$!
{
	archiveVersion = 1;
	classes = {
	};
	objectVersion = 48;
	objects = {

/* Begin PBXBuildFile section */
		4A568EC71FCE5787003D04BE /* AppDelegate.m in Sources */ = {isa = PBXBuildFile; fileRef = 4A568EC61FCE5787003D04BE /* AppDelegate.m */; };
		4A568ECA1FCE5787003D04BE /* ViewController.m in Sources */ = {isa = PBXBuildFile; fileRef = 4A568EC91FCE5787003D04BE /* ViewController.m */; };
		4A568ECD1FCE5787003D04BE /* Main.storyboard in Resources */ = {isa = PBXBuildFile; fileRef = 4A568ECB1FCE5787003D04BE /* Main.storyboard */; };
		4A568ECF1FCE5787003D04BE /* Assets.xcassets in Resources */ = {isa = PBXBuildFile; fileRef = 4A568ECE1FCE5787003D04BE /* Assets.xcassets */; };
		4A568ED21FCE5787003D04BE /* LaunchScreen.storyboard in Resources */ = {isa = PBXBuildFile; fileRef = 4A568ED01FCE5787003D04BE /* LaunchScreen.storyboard */; };
		4A568ED51FCE5787003D04BE /* main.m in Sources */ = {isa = PBXBuildFile; fileRef = 4A568ED41FCE5787003D04BE /* main.m */; };
		4A568EDF1FCE5787003D04BE /* __GCDTests.m in Sources */ = {isa = PBXBuildFile; fileRef = 4A568EDE1FCE5787003D04BE /* __GCDTests.m */; };
		4A568EEA1FCE5787003D04BE /* __GCDUITests.m in Sources */ = {isa = PBXBuildFile; fileRef = 4A568EE91FCE5787003D04BE /* __GCDUITests.m */; };
/* End PBXBuildFile section */

/* Begin PBXContainerItemProxy section */
		4A568EDB1FCE5787003D04BE /* PBXContainerItemProxy */ = {
			isa = PBXContainerItemProxy;
			containerPortal = 4A568EBA1FCE5787003D04BE /* Project object */;
			proxyType = 1;
			remoteGlobalIDString = 4A568EC11FCE5787003D04BE;
			remoteInfo = "线程GCD";
		};
		4A568EE61FCE5787003D04BE /* PBXContainerItemProxy */ = {
			isa = PBXContainerItemProxy;
			containerPortal = 4A568EBA1FCE5787003D04BE /* Project object */;
			proxyType = 1;
			remoteGlobalIDString = 4A568EC11FCE5787003D04BE;
			remoteInfo = "线程GCD";
		};
/* End PBXContainerItemProxy section */

/* Begin PBXFileReference section */
		4A568EC21FCE5787003D04BE /* 线程GCD.app */ = {isa = PBXFileReference; explicitFileType = wrapper.application; includeInIndex = 0; path = "线程GCD.app"; sourceTree = BUILT_PRODUCTS_DIR; };
		4A568EC51FCE5787003D04BE /* AppDelegate.h */ = {isa = PBXFileReference; lastKnownFileType = sourcecode.c.h; path = AppDelegate.h; sourceTree = "<group>"; };
		4A568EC61FCE5787003D04BE /* AppDelegate.m */ = {isa = PBXFileReference; lastKnownFileType = sourcecode.c.objc; path = AppDelegate.m; sourceTree = "<group>"; };
		4A568EC81FCE5787003D04BE /* ViewController.h */ = {isa = PBXFileReference; lastKnownFileType = sourcecode.c.h; path = ViewController.h; sourceTree = "<group>"; };
		4A568EC91FCE5787003D04BE /* ViewController.m */ = {isa = PBXFileReference; lastKnownFileType = sourcecode.c.objc; path = ViewController.m; sourceTree = "<group>"; };
		4A568ECC1FCE5787003D04BE /* Base */ = {isa = PBXFileReference; lastKnownFileType = file.storyboard; name = Base; path = Base.lproj/Main.storyboard; sourceTree = "<group>"; };
		4A568ECE1FCE5787003D04BE /* Assets.xcassets */ = {isa = PBXFileReference; lastKnownFileType = folder.assetcatalog; path = Assets.xcassets; sourceTree = "<group>"; };
		4A568ED11FCE5787003D04BE /* Base */ = {isa = PBXFileReference; lastKnownFileType = file.storyboard; name = Base; path = Base.lproj/LaunchScreen.storyboard; sourceTree = "<group>"; };
		4A568ED31FCE5787003D04BE /* Info.plist */ = {isa = PBXFileReference; lastKnownFileType = text.plist.xml; path = Info.plist; sourceTree = "<group>"; };
		4A568ED41FCE5787003D04BE /* main.m */ = {isa = PBXFileReference; lastKnownFileType = sourcecode.c.objc; path = main.m; sourceTree = "<group>"; };
		4A568EDA1FCE5787003D04BE /* 线程GCDTests.xctest */ = {isa = PBXFileReference; explicitFileType = wrapper.cfbundle; includeInIndex = 0; path = "线程GCDTests.xctest"; sourceTree = BUILT_PRODUCTS_DIR; };
		4A568EDE1FCE5787003D04BE /* __GCDTests.m */ = {isa = PBXFileReference; lastKnownFileType = sourcecode.c.objc; path = __GCDTests.m; sourceTree = "<group>"; };
		4A568EE01FCE5787003D04BE /* Info.plist */ = {isa = PBXFileReference; lastKnownFileType = text.plist.xml; path = Info.plist; sourceTree = "<group>"; };
		4A568EE51FCE5787003D04BE /* 线程GCDUITests.xctest */ = {isa = PBXFileReference; explicitFileType = wrapper.cfbundle; includeInIndex = 0; path = "线程GCDUITests.xctest"; sourceTree = BUILT_PRODUCTS_DIR; };
		4A568EE91FCE5787003D04BE /* __GCDUITests.m */ = {isa = PBXFileReference; lastKnownFileType = sourcecode.c.objc; path = __GCDUITests.m; sourceTree = "<group>"; };
		4A568EEB1FCE5787003D04BE /* Info.plist */ = {isa = PBXFileReference; lastKnownFileType = text.plist.xml; path = Info.plist; sourceTree = "<group>"; };
/* End PBXFileReference section */

/* Begin PBXFrameworksBuildPhase section */
		4A568EBF1FCE5787003D04BE /* Frameworks */ = {
			isa = PBXFrameworksBuildPhase;
			buildActionMask = 2147483647;
			files = (
			);
			runOnlyForDeploymentPostprocessing = 0;
		};
		4A568ED71FCE5787003D04BE /* Frameworks */ = {
			isa = PBXFrameworksBuildPhase;
			buildActionMask = 2147483647;
			files = (
			);
			runOnlyForDeploymentPostprocessing = 0;
		};
		4A568EE21FCE5787003D04BE /* Frameworks */ = {
			isa = PBXFrameworksBuildPhase;
			buildActionMask = 2147483647;
			files = (
			);
			runOnlyForDeploymentPostprocessing = 0;
		};
/* End PBXFrameworksBuildPhase section */

/* Begin PBXGroup section */
		4A568EB91FCE5787003D04BE = {
			isa = PBXGroup;
			children = (
				4A568EC41FCE5787003D04BE /* 线程GCD */,
				4A568EDD1FCE5787003D04BE /* 线程GCDTests */,
				4A568EE81FCE5787003D04BE /* 线程GCDUITests */,
				4A568EC31FCE5787003D04BE /* Products */,
			);
			sourceTree = "<group>";
		};
		4A568EC31FCE5787003D04BE /* Products */ = {
			isa = PBXGroup;
			children = (
				4A568EC21FCE5787003D04BE /* 线程GCD.app */,
				4A568EDA1FCE5787003D04BE /* 线程GCDTests.xctest */,
				4A568EE51FCE5787003D04BE /* 线程GCDUITests.xctest */,
			);
			name = Products;
			sourceTree = "<group>";
		};
		4A568EC41FCE5787003D04BE /* 线程GCD */ = {
			isa = PBXGroup;
			children = (
				4A568EC51FCE5787003D04BE /* AppDelegate.h */,
				4A568EC61FCE5787003D04BE /* AppDelegate.m */,
				4A568EC81FCE5787003D04BE /* ViewController.h */,
				4A568EC91FCE5787003D04BE /* ViewController.m */,
				4A568ECB1FCE5787003D04BE /* Main.storyboard */,
				4A568ECE1FCE5787003D04BE /* Assets.xcassets */,
				4A568ED01FCE5787003D04BE /* LaunchScreen.storyboard */,
				4A568ED31FCE5787003D04BE /* Info.plist */,
				4A568ED41FCE5787003D04BE /* main.m */,
			);
			path = "线程GCD";
			sourceTree = "<group>";
		};
		4A568EDD1FCE5787003D04BE /* 线程GCDTests */ = {
			isa = PBXGroup;
			children = (
				4A568EDE1FCE5787003D04BE /* __GCDTests.m */,
				4A568EE01FCE5787003D04BE /* Info.plist */,
			);
			path = "线程GCDTests";
			sourceTree = "<group>";
		};
		4A568EE81FCE5787003D04BE /* 线程GCDUITests */ = {
			isa = PBXGroup;
			children = (
				4A568EE91FCE5787003D04BE /* __GCDUITests.m */,
				4A568EEB1FCE5787003D04BE /* Info.plist */,
			);
			path = "线程GCDUITests";
			sourceTree = "<group>";
		};
/* End PBXGroup section */

/* Begin PBXNativeTarget section */
		4A568EC11FCE5787003D04BE /* 线程GCD */ = {
			isa = PBXNativeTarget;
			buildConfigurationList = 4A568EEE1FCE5787003D04BE /* Build configuration list for PBXNativeTarget "线程GCD" */;
			buildPhases = (
				4A568EBE1FCE5787003D04BE /* Sources */,
				4A568EBF1FCE5787003D04BE /* Frameworks */,
				4A568EC01FCE5787003D04BE /* Resources */,
			);
			buildRules = (
			);
			dependencies = (
			);
			name = "线程GCD";
			productName = "线程GCD";
			productReference = 4A568EC21FCE5787003D04BE /* 线程GCD.app */;
			productType = "com.apple.product-type.application";
		};
		4A568ED91FCE5787003D04BE /* 线程GCDTests */ = {
			isa = PBXNativeTarget;
			buildConfigurationList = 4A568EF11FCE5787003D04BE /* Build configuration list for PBXNativeTarget "线程GCDTests" */;
			buildPhases = (
				4A568ED61FCE5787003D04BE /* Sources */,
				4A568ED71FCE5787003D04BE /* Frameworks */,
				4A568ED81FCE5787003D04BE /* Resources */,
			);
			buildRules = (
			);
			dependencies = (
				4A568EDC1FCE5787003D04BE /* PBXTargetDependency */,
			);
			name = "线程GCDTests";
			productName = "线程GCDTests";
			productReference = 4A568EDA1FCE5787003D04BE /* 线程GCDTests.xctest */;
			productType = "com.apple.product-type.bundle.unit-test";
		};
		4A568EE41FCE5787003D04BE /* 线程GCDUITests */ = {
			isa = PBXNativeTarget;
			buildConfigurationList = 4A568EF41FCE5787003D04BE /* Build configuration list for PBXNativeTarget "线程GCDUITests" */;
			buildPhases = (
				4A568EE11FCE5787003D04BE /* Sources */,
				4A568EE21FCE5787003D04BE /* Frameworks */,
				4A568EE31FCE5787003D04BE /* Resources */,
			);
			buildRules = (
			);
			dependencies = (
				4A568EE71FCE5787003D04BE /* PBXTargetDependency */,
			);
			name = "线程GCDUITests";
			productName = "线程GCDUITests";
			productReference = 4A568EE51FCE5787003D04BE /* 线程GCDUITests.xctest */;
			productType = "com.apple.product-type.bundle.ui-testing";
		};
/* End PBXNativeTarget section */

/* Begin PBXProject section */
		4A568EBA1FCE5787003D04BE /* Project object */ = {
			isa = PBXProject;
			attributes = {
				LastUpgradeCheck = 0900;
				ORGANIZATIONNAME = hisi;
				TargetAttributes = {
					4A568EC11FCE5787003D04BE = {
						CreatedOnToolsVersion = 9.0.1;
						ProvisioningStyle = Automatic;
					};
					4A568ED91FCE5787003D04BE = {
						CreatedOnToolsVersion = 9.0.1;
						ProvisioningStyle = Automatic;
						TestTargetID = 4A568EC11FCE5787003D04BE;
					};
					4A568EE41FCE5787003D04BE = {
						CreatedOnToolsVersion = 9.0.1;
						ProvisioningStyle = Automatic;
						TestTargetID = 4A568EC11FCE5787003D04BE;
					};
				};
			};
			buildConfigurationList = 4A568EBD1FCE5787003D04BE /* Build configuration list for PBXProject "线程GCD" */;
			compatibilityVersion = "Xcode 8.0";
			developmentRegion = en;
			hasScannedForEncodings = 0;
			knownRegions = (
				en,
				Base,
			);
			mainGroup = 4A568EB91FCE5787003D04BE;
			productRefGroup = 4A568EC31FCE5787003D04BE /* Products */;
			projectDirPath = "";
			projectRoot = "";
			targets = (
				4A568EC11FCE5787003D04BE /* 线程GCD */,
				4A568ED91FCE5787003D04BE /* 线程GCDTests */,
				4A568EE41FCE5787003D04BE /* 线程GCDUITests */,
			);
		};
/* End PBXProject section */

/* Begin PBXResourcesBuildPhase section */
		4A568EC01FCE5787003D04BE /* Resources */ = {
			isa = PBXResourcesBuildPhase;
			buildActionMask = 2147483647;
			files = (
				4A568ED21FCE5787003D04BE /* LaunchScreen.storyboard in Resources */,
				4A568ECF1FCE5787003D04BE /* Assets.xcassets in Resources */,
				4A568ECD1FCE5787003D04BE /* Main.storyboard in Resources */,
			);
			runOnlyForDeploymentPostprocessing = 0;
		};
		4A568ED81FCE5787003D04BE /* Resources */ = {
			isa = PBXResourcesBuildPhase;
			buildActionMask = 2147483647;
			files = (
			);
			runOnlyForDeploymentPostprocessing = 0;
		};
		4A568EE31FCE5787003D04BE /* Resources */ = {
			isa = PBXResourcesBuildPhase;
			buildActionMask = 2147483647;
			files = (
			);
			runOnlyForDeploymentPostprocessing = 0;
		};
/* End PBXResourcesBuildPhase section */

/* Begin PBXSourcesBuildPhase section */
		4A568EBE1FCE5787003D04BE /* Sources */ = {
			isa = PBXSourcesBuildPhase;
			buildActionMask = 2147483647;
			files = (
				4A568ECA1FCE5787003D04BE /* ViewController.m in Sources */,
				4A568ED51FCE5787003D04BE /* main.m in Sources */,
				4A568EC71FCE5787003D04BE /* AppDelegate.m in Sources */,
			);
			runOnlyForDeploymentPostprocessing = 0;
		};
		4A568ED61FCE5787003D04BE /* Sources */ = {
			isa = PBXSourcesBuildPhase;
			buildActionMask = 2147483647;
			files = (
				4A568EDF1FCE5787003D04BE /* __GCDTests.m in Sources */,
			);
			runOnlyForDeploymentPostprocessing = 0;
		};
		4A568EE11FCE5787003D04BE /* Sources */ = {
			isa = PBXSourcesBuildPhase;
			buildActionMask = 2147483647;
			files = (
				4A568EEA1FCE5787003D04BE /* __GCDUITests.m in Sources */,
			);
			runOnlyForDeploymentPostprocessing = 0;
		};
/* End PBXSourcesBuildPhase section */

/* Begin PBXTargetDependency section */
		4A568EDC1FCE5787003D04BE /* PBXTargetDependency */ = {
			isa = PBXTargetDependency;
			target = 4A568EC11FCE5787003D04BE /* 线程GCD */;
			targetProxy = 4A568EDB1FCE5787003D04BE /* PBXContainerItemProxy */;
		};
		4A568EE71FCE5787003D04BE /* PBXTargetDependency */ = {
			isa = PBXTargetDependency;
			target = 4A568EC11FCE5787003D04BE /* 线程GCD */;
			targetProxy = 4A568EE61FCE5787003D04BE /* PBXContainerItemProxy */;
		};
/* End PBXTargetDependency section */

/* Begin PBXVariantGroup section */
		4A568ECB1FCE5787003D04BE /* Main.storyboard */ = {
			isa = PBXVariantGroup;
			children = (
				4A568ECC1FCE5787003D04BE /* Base */,
			);
			name = Main.storyboard;
			sourceTree = "<group>";
		};
		4A568ED01FCE5787003D04BE /* LaunchScreen.storyboard */ = {
			isa = PBXVariantGroup;
			children = (
				4A568ED11FCE5787003D04BE /* Base */,
			);
			name = LaunchScreen.storyboard;
			sourceTree = "<group>";
		};
/* End PBXVariantGroup section */

/* Begin XCBuildConfiguration section */
		4A568EEC1FCE5787003D04BE /* Debug */ = {
			isa = XCBuildConfiguration;
			buildSettings = {
				ALWAYS_SEARCH_USER_PATHS = NO;
				CLANG_ANALYZER_NONNULL = YES;
				CLANG_ANALYZER_NUMBER_OBJECT_CONVERSION = YES_AGGRESSIVE;
				CLANG_CXX_LANGUAGE_STANDARD = "gnu++14";
				CLANG_CXX_LIBRARY = "libc++";
				CLANG_ENABLE_MODULES = YES;
				CLANG_ENABLE_OBJC_ARC = YES;
				CLANG_WARN_BLOCK_CAPTURE_AUTORELEASING = YES;
				CLANG_WARN_BOOL_CONVERSION = YES;
				CLANG_WARN_COMMA = YES;
				CLANG_WARN_CONSTANT_CONVERSION = YES;
				CLANG_WARN_DIRECT_OBJC_ISA_USAGE = YES_ERROR;
				CLANG_WARN_DOCUMENTATION_COMMENTS = YES;
				CLANG_WARN_EMPTY_BODY = YES;
				CLANG_WARN_ENUM_CONVERSION = YES;
				CLANG_WARN_INFINITE_RECURSION = YES;
				CLANG_WARN_INT_CONVERSION = YES;
				CLANG_WARN_NON_LITERAL_NULL_CONVERSION = YES;
				CLANG_WARN_OBJC_LITERAL_CONVERSION = YES;
				CLANG_WARN_OBJC_ROOT_CLASS = YES_ERROR;
				CLANG_WARN_RANGE_LOOP_ANALYSIS = YES;
				CLANG_WARN_STRICT_PROTOTYPES = YES;
				CLANG_WARN_SUSPICIOUS_MOVE = YES;
				CLANG_WARN_UNGUARDED_AVAILABILITY = YES_AGGRESSIVE;
				CLANG_WARN_UNREACHABLE_CODE = YES;
				CLANG_WARN__DUPLICATE_METHOD_MATCH = YES;
				CODE_SIGN_IDENTITY = "iPhone Developer";
				COPY_PHASE_STRIP = NO;
				DEBUG_INFORMATION_FORMAT = dwarf;
				ENABLE_STRICT_OBJC_MSGSEND = YES;
				ENABLE_TESTABILITY = YES;
				GCC_C_LANGUAGE_STANDARD = gnu11;
				GCC_DYNAMIC_NO_PIC = NO;
				GCC_NO_COMMON_BLOCKS = YES;
				GCC_OPTIMIZATION_LEVEL = 0;
				GCC_PREPROCESSOR_DEFINITIONS = (
					"DEBUG=1",
					"$(inherited)",
				);
				GCC_WARN_64_TO_32_BIT_CONVERSION = YES;
				GCC_WARN_ABOUT_RETURN_TYPE = YES_ERROR;
				GCC_WARN_UNDECLARED_SELECTOR = YES;
				GCC_WARN_UNINITIALIZED_AUTOS = YES_AGGRESSIVE;
				GCC_WARN_UNUSED_FUNCTION = YES;
				GCC_WARN_UNUSED_VARIABLE = YES;
				IPHONEOS_DEPLOYMENT_TARGET = 11.0;
				MTL_ENABLE_DEBUG_INFO = YES;
				ONLY_ACTIVE_ARCH = YES;
				SDKROOT = iphoneos;
			};
			name = Debug;
		};
		4A568EED1FCE5787003D04BE /* Release */ = {
			isa = XCBuildConfiguration;
			buildSettings = {
				ALWAYS_SEARCH_USER_PATHS = NO;
				CLANG_ANALYZER_NONNULL = YES;
				CLANG_ANALYZER_NUMBER_OBJECT_CONVERSION = YES_AGGRESSIVE;
				CLANG_CXX_LANGUAGE_STANDARD = "gnu++14";
				CLANG_CXX_LIBRARY = "libc++";
				CLANG_ENABLE_MODULES = YES;
				CLANG_ENABLE_OBJC_ARC = YES;
				CLANG_WARN_BLOCK_CAPTURE_AUTORELEASING = YES;
				CLANG_WARN_BOOL_CONVERSION = YES;
				CLANG_WARN_COMMA = YES;
				CLANG_WARN_CONSTANT_CONVERSION = YES;
				CLANG_WARN_DIRECT_OBJC_ISA_USAGE = YES_ERROR;
				CLANG_WARN_DOCUMENTATION_COMMENTS = YES;
				CLANG_WARN_EMPTY_BODY = YES;
				CLANG_WARN_ENUM_CONVERSION = YES;
				CLANG_WARN_INFINITE_RECURSION = YES;
				CLANG_WARN_INT_CONVERSION = YES;
				CLANG_WARN_NON_LITERAL_NULL_CONVERSION = YES;
				CLANG_WARN_OBJC_LITERAL_CONVERSION = YES;
				CLANG_WARN_OBJC_ROOT_CLASS = YES_ERROR;
				CLANG_WARN_RANGE_LOOP_ANALYSIS = YES;
				CLANG_WARN_STRICT_PROTOTYPES = YES;
				CLANG_WARN_SUSPICIOUS_MOVE = YES;
				CLANG_WARN_UNGUARDED_AVAILABILITY = YES_AGGRESSIVE;
				CLANG_WARN_UNREACHABLE_CODE = YES;
				CLANG_WARN__DUPLICATE_METHOD_MATCH = YES;
				CODE_SIGN_IDENTITY = "iPhone Developer";
				COPY_PHASE_STRIP = NO;
				DEBUG_INFORMATION_FORMAT = "dwarf-with-dsym";
				ENABLE_NS_ASSERTIONS = NO;
				ENABLE_STRICT_OBJC_MSGSEND = YES;
				GCC_C_LANGUAGE_STANDARD = gnu11;
				GCC_NO_COMMON_BLOCKS = YES;
				GCC_WARN_64_TO_32_BIT_CONVERSION = YES;
				GCC_WARN_ABOUT_RETURN_TYPE = YES_ERROR;
				GCC_WARN_UNDECLARED_SELECTOR = YES;
				GCC_WARN_UNINITIALIZED_AUTOS = YES_AGGRESSIVE;
				GCC_WARN_UNUSED_FUNCTION = YES;
				GCC_WARN_UNUSED_VARIABLE = YES;
				IPHONEOS_DEPLOYMENT_TARGET = 11.0;
				MTL_ENABLE_DEBUG_INFO = NO;
				SDKROOT = iphoneos;
				VALIDATE_PRODUCT = YES;
			};
			name = Release;
		};
		4A568EEF1FCE5787003D04BE /* Debug */ = {
			isa = XCBuildConfiguration;
			buildSettings = {
				ASSETCATALOG_COMPILER_APPICON_NAME = AppIcon;
				CODE_SIGN_STYLE = Automatic;
				DEVELOPMENT_TEAM = GMW6HA76N5;
				INFOPLIST_FILE = "线程GCD/Info.plist";
				LD_RUNPATH_SEARCH_PATHS = "$(inherited) @executable_path/Frameworks";
				PRODUCT_BUNDLE_IDENTIFIER = "com.hisilc.--GCD";
				PRODUCT_NAME = "$(TARGET_NAME)";
				TARGETED_DEVICE_FAMILY = "1,2";
			};
			name = Debug;
		};
		4A568EF01FCE5787003D04BE /* Release */ = {
			isa = XCBuildConfiguration;
			buildSettings = {
				ASSETCATALOG_COMPILER_APPICON_NAME = AppIcon;
				CODE_SIGN_STYLE = Automatic;
				DEVELOPMENT_TEAM = GMW6HA76N5;
				INFOPLIST_FILE = "线程GCD/Info.plist";
				LD_RUNPATH_SEARCH_PATHS = "$(inherited) @executable_path/Frameworks";
				PRODUCT_BUNDLE_IDENTIFIER = "com.hisilc.--GCD";
				PRODUCT_NAME = "$(TARGET_NAME)";
				TARGETED_DEVICE_FAMILY = "1,2";
			};
			name = Release;
		};
		4A568EF21FCE5787003D04BE /* Debug */ = {
			isa = XCBuildConfiguration;
			buildSettings = {
				BUNDLE_LOADER = "$(TEST_HOST)";
				CODE_SIGN_STYLE = Automatic;
				DEVELOPMENT_TEAM = GMW6HA76N5;
				INFOPLIST_FILE = "线程GCDTests/Info.plist";
				LD_RUNPATH_SEARCH_PATHS = "$(inherited) @executable_path/Frameworks @loader_path/Frameworks";
				PRODUCT_BUNDLE_IDENTIFIER = "com.hisilc.--GCDTests";
				PRODUCT_NAME = "$(TARGET_NAME)";
				TARGETED_DEVICE_FAMILY = "1,2";
				TEST_HOST = "$(BUILT_PRODUCTS_DIR)/线程GCD.app/线程GCD";
			};
			name = Debug;
		};
		4A568EF31FCE5787003D04BE /* Release */ = {
			isa = XCBuildConfiguration;
			buildSettings = {
				BUNDLE_LOADER = "$(TEST_HOST)";
				CODE_SIGN_STYLE = Automatic;
				DEVELOPMENT_TEAM = GMW6HA76N5;
				INFOPLIST_FILE = "线程GCDTests/Info.plist";
				LD_RUNPATH_SEARCH_PATHS = "$(inherited) @executable_path/Frameworks @loader_path/Frameworks";
				PRODUCT_BUNDLE_IDENTIFIER = "com.hisilc.--GCDTests";
				PRODUCT_NAME = "$(TARGET_NAME)";
				TARGETED_DEVICE_FAMILY = "1,2";
				TEST_HOST = "$(BUILT_PRODUCTS_DIR)/线程GCD.app/线程GCD";
			};
			name = Release;
		};
		4A568EF51FCE5787003D04BE /* Debug */ = {
			isa = XCBuildConfiguration;
			buildSettings = {
				CODE_SIGN_STYLE = Automatic;
				DEVELOPMENT_TEAM = GMW6HA76N5;
				INFOPLIST_FILE = "线程GCDUITests/Info.plist";
				LD_RUNPATH_SEARCH_PATHS = "$(inherited) @executable_path/Frameworks @loader_path/Frameworks";
				PRODUCT_BUNDLE_IDENTIFIER = "com.hisilc.--GCDUITests";
				PRODUCT_NAME = "$(TARGET_NAME)";
				TARGETED_DEVICE_FAMILY = "1,2";
				TEST_TARGET_NAME = "线程GCD";
			};
			name = Debug;
		};
		4A568EF61FCE5787003D04BE /* Release */ = {
			isa = XCBuildConfiguration;
			buildSettings = {
				CODE_SIGN_STYLE = Automatic;
				DEVELOPMENT_TEAM = GMW6HA76N5;
				INFOPLIST_FILE = "线程GCDUITests/Info.plist";
				LD_RUNPATH_SEARCH_PATHS = "$(inherited) @executable_path/Frameworks @loader_path/Frameworks";
				PRODUCT_BUNDLE_IDENTIFIER = "com.hisilc.--GCDUITests";
				PRODUCT_NAME = "$(TARGET_NAME)";
				TARGETED_DEVICE_FAMILY = "1,2";
				TEST_TARGET_NAME = "线程GCD";
			};
			name = Release;
		};
/* End XCBuildConfiguration section */

/* Begin XCConfigurationList section */
		4A568EBD1FCE5787003D04BE /* Build configuration list for PBXProject "线程GCD" */ = {
			isa = XCConfigurationList;
			buildConfigurations = (
				4A568EEC1FCE5787003D04BE /* Debug */,
				4A568EED1FCE5787003D04BE /* Release */,
			);
			defaultConfigurationIsVisible = 0;
			defaultConfigurationName = Release;
		};
		4A568EEE1FCE5787003D04BE /* Build configuration list for PBXNativeTarget "线程GCD" */ = {
			isa = XCConfigurationList;
			buildConfigurations = (
				4A568EEF1FCE5787003D04BE /* Debug */,
				4A568EF01FCE5787003D04BE /* Release */,
			);
			defaultConfigurationIsVisible = 0;
			defaultConfigurationName = Release;
		};
		4A568EF11FCE5787003D04BE /* Build configuration list for PBXNativeTarget "线程GCDTests" */ = {
			isa = XCConfigurationList;
			buildConfigurations = (
				4A568EF21FCE5787003D04BE /* Debug */,
				4A568EF31FCE5787003D04BE /* Release */,
			);
			defaultConfigurationIsVisible = 0;
			defaultConfigurationName = Release;
		};
		4A568EF41FCE5787003D04BE /* Build configuration list for PBXNativeTarget "线程GCDUITests" */ = {
			isa = XCConfigurationList;
			buildConfigurations = (
				4A568EF51FCE5787003D04BE /* Debug */,
				4A568EF61FCE5787003D04BE /* Release */,
			);
			defaultConfigurationIsVisible = 0;
			defaultConfigurationName = Release;
		};
/* End XCConfigurationList section */
	};
	rootObject = 4A568EBA1FCE5787003D04BE /* Project object */;
}
